
Microsoft Visual Studio Solution File, Format Version 12.00
# Visual Studio Version 16
VisualStudioVersion = 16.0.31105.61
MinimumVisualStudioVersion = 10.0.40219.1
Project("{9A19103F-16F7-4668-BE54-9A1E7A4F7556}") = "ResourceManager.Wpf", "src\ResourceManager.Wpf\ResourceManager.Wpf.csproj", "{664AE964-7E25-43CC-BCA2-2F8BDD999FE7}"
EndProject
Project("{9A19103F-16F7-4668-BE54-9A1E7A4F7556}") = "ResourceManager.Core", "src\ResourceManager.Core\ResourceManager.Core.csproj", "{7D7DEB66-A8EF-40F1-BE04-80C3BD8C3454}"
	ProjectSection(ProjectDependencies) = postProject
		{C33C4115-C633-4C19-B271-7D80F36BE425} = {C33C4115-C633-4C19-B271-7D80F36BE425}
	EndProjectSection
EndProject
Project("{2150E333-8FDC-42A3-9474-1A3956D46DE8}") = "Tests", "Tests", "{99A3A3BE-E65E-4B6B-9ACF-738A91DB9C49}"
EndProject
Project("{9A19103F-16F7-4668-BE54-9A1E7A4F7556}") = "ResourceManager.Core.Tests", "tests\ResourceManager.Core.Tests\ResourceManager.Core.Tests.csproj", "{966E7199-0E76-4A10-9608-9EC0437313EE}"
EndProject
Project("{9A19103F-16F7-4668-BE54-9A1E7A4F7556}") = "RpgDataEditor.Tests", "tests\RpgDataEditor.Tests\RpgDataEditor.Tests.csproj", "{BF305074-78FE-4AE3-B5EB-A5BF526A54FB}"
EndProject
Project("{2150E333-8FDC-42A3-9474-1A3956D46DE8}") = "Sample", "Sample", "{DC25D476-5651-47F9-931E-F76E608E8B5F}"
EndProject
Project("{9A19103F-16F7-4668-BE54-9A1E7A4F7556}") = "ResourceManager.Mvvm", "src\ResourceManager.Mvvm\ResourceManager.Mvvm.csproj", "{03E47443-71B9-4063-9498-3BD1AF97614B}"
EndProject
Project("{9A19103F-16F7-4668-BE54-9A1E7A4F7556}") = "ResourceManager.Extensions.Prism.Wpf", "src\ResourceManager.Extensions.Prism.Wpf\ResourceManager.Extensions.Prism.Wpf.csproj", "{E1C6C79A-5313-487D-AA0B-F2F1D472D1BD}"
EndProject
Project("{9A19103F-16F7-4668-BE54-9A1E7A4F7556}") = "ResourceManager", "src\ResourceManager\ResourceManager.csproj", "{C33C4115-C633-4C19-B271-7D80F36BE425}"
EndProject
Project("{9A19103F-16F7-4668-BE54-9A1E7A4F7556}") = "ResourceManager.Tests", "tests\ResourceManager.Tests\ResourceManager.Tests.csproj", "{CDD2580A-99DB-4F01-B95B-A655EE0F5835}"
EndProject
Project("{9A19103F-16F7-4668-BE54-9A1E7A4F7556}") = "ResourceManager.DataSource.Local", "src\ResourceManager.DataSource.Local\ResourceManager.DataSource.Local.csproj", "{73B15ECB-3B52-4E94-9A0C-2A0BF01A6D07}"
EndProject
Project("{9A19103F-16F7-4668-BE54-9A1E7A4F7556}") = "ResourceManager.DataSource.Ftp", "src\ResourceManager.DataSource.Ftp\ResourceManager.DataSource.Ftp.csproj", "{5CF9829A-3A88-4BF5-AB31-6730C2A0A25A}"
EndProject
Project("{9A19103F-16F7-4668-BE54-9A1E7A4F7556}") = "ResourceManager.DataSource.Sql", "src\ResourceManager.DataSource.Sql\ResourceManager.DataSource.Sql.csproj", "{2A7B7532-1D5D-49E1-B1E9-109D4EB45D74}"
EndProject
Project("{9A19103F-16F7-4668-BE54-9A1E7A4F7556}") = "Extensions.Logging.File", "src\Extensions.Logging.File\Extensions.Logging.File.csproj", "{3CA10572-052E-487E-8F87-97CD8623410F}"
EndProject
Project("{9A19103F-16F7-4668-BE54-9A1E7A4F7556}") = "RpgDataEditor", "samples\RpgDataEditor\RpgDataEditor.csproj", "{4B542B48-3A4A-4BCE-BBCC-0F8093E0A1AA}"
EndProject
Project("{9A19103F-16F7-4668-BE54-9A1E7A4F7556}") = "RpgDataEditor.Wpf", "samples\RpgDataEditor.Wpf\RpgDataEditor.Wpf.csproj", "{DAAD1DBE-A1FC-4778-B581-9E7D089E5C22}"
EndProject
Project("{9A19103F-16F7-4668-BE54-9A1E7A4F7556}") = "Extensions.Configuration.WriteableJson", "src\Extensions.Configuration.WriteableJson\Extensions.Configuration.WriteableJson.csproj", "{97831BFA-908E-44AA-8326-38AD2C4C7A0A}"
EndProject
Project("{FAE04EC0-301F-11D3-BF4B-00C04F79EFBC}") = "Extensions.Configuration.WriteableJson.Tests", "tests\Extensions.Configuration.WriteableJson.Tests\Extensions.Configuration.WriteableJson.Tests.csproj", "{94A5F3B0-D2F8-4358-BD29-036D7AE82519}"
EndProject
Global
	GlobalSection(SolutionConfigurationPlatforms) = preSolution
		Debug|Any CPU = Debug|Any CPU
		Release|Any CPU = Release|Any CPU
	EndGlobalSection
	GlobalSection(ProjectConfigurationPlatforms) = postSolution
		{664AE964-7E25-43CC-BCA2-2F8BDD999FE7}.Debug|Any CPU.ActiveCfg = Debug|Any CPU
		{664AE964-7E25-43CC-BCA2-2F8BDD999FE7}.Debug|Any CPU.Build.0 = Debug|Any CPU
		{664AE964-7E25-43CC-BCA2-2F8BDD999FE7}.Release|Any CPU.ActiveCfg = Release|Any CPU
		{664AE964-7E25-43CC-BCA2-2F8BDD999FE7}.Release|Any CPU.Build.0 = Release|Any CPU
		{7D7DEB66-A8EF-40F1-BE04-80C3BD8C3454}.Debug|Any CPU.ActiveCfg = Debug|Any CPU
		{7D7DEB66-A8EF-40F1-BE04-80C3BD8C3454}.Debug|Any CPU.Build.0 = Debug|Any CPU
		{7D7DEB66-A8EF-40F1-BE04-80C3BD8C3454}.Release|Any CPU.ActiveCfg = Release|Any CPU
		{7D7DEB66-A8EF-40F1-BE04-80C3BD8C3454}.Release|Any CPU.Build.0 = Release|Any CPU
		{966E7199-0E76-4A10-9608-9EC0437313EE}.Debug|Any CPU.ActiveCfg = Debug|Any CPU
		{966E7199-0E76-4A10-9608-9EC0437313EE}.Debug|Any CPU.Build.0 = Debug|Any CPU
		{966E7199-0E76-4A10-9608-9EC0437313EE}.Release|Any CPU.ActiveCfg = Release|Any CPU
		{966E7199-0E76-4A10-9608-9EC0437313EE}.Release|Any CPU.Build.0 = Release|Any CPU
		{BF305074-78FE-4AE3-B5EB-A5BF526A54FB}.Debug|Any CPU.ActiveCfg = Debug|Any CPU
		{BF305074-78FE-4AE3-B5EB-A5BF526A54FB}.Debug|Any CPU.Build.0 = Debug|Any CPU
		{BF305074-78FE-4AE3-B5EB-A5BF526A54FB}.Release|Any CPU.ActiveCfg = Release|Any CPU
		{BF305074-78FE-4AE3-B5EB-A5BF526A54FB}.Release|Any CPU.Build.0 = Release|Any CPU
		{03E47443-71B9-4063-9498-3BD1AF97614B}.Debug|Any CPU.ActiveCfg = Debug|Any CPU
		{03E47443-71B9-4063-9498-3BD1AF97614B}.Debug|Any CPU.Build.0 = Debug|Any CPU
		{03E47443-71B9-4063-9498-3BD1AF97614B}.Release|Any CPU.ActiveCfg = Release|Any CPU
		{03E47443-71B9-4063-9498-3BD1AF97614B}.Release|Any CPU.Build.0 = Release|Any CPU
		{E1C6C79A-5313-487D-AA0B-F2F1D472D1BD}.Debug|Any CPU.ActiveCfg = Debug|Any CPU
		{E1C6C79A-5313-487D-AA0B-F2F1D472D1BD}.Debug|Any CPU.Build.0 = Debug|Any CPU
		{E1C6C79A-5313-487D-AA0B-F2F1D472D1BD}.Release|Any CPU.ActiveCfg = Release|Any CPU
		{E1C6C79A-5313-487D-AA0B-F2F1D472D1BD}.Release|Any CPU.Build.0 = Release|Any CPU
		{C33C4115-C633-4C19-B271-7D80F36BE425}.Debug|Any CPU.ActiveCfg = Debug|Any CPU
		{C33C4115-C633-4C19-B271-7D80F36BE425}.Debug|Any CPU.Build.0 = Debug|Any CPU
		{C33C4115-C633-4C19-B271-7D80F36BE425}.Release|Any CPU.ActiveCfg = Release|Any CPU
		{C33C4115-C633-4C19-B271-7D80F36BE425}.Release|Any CPU.Build.0 = Release|Any CPU
		{CDD2580A-99DB-4F01-B95B-A655EE0F5835}.Debug|Any CPU.ActiveCfg = Debug|Any CPU
		{CDD2580A-99DB-4F01-B95B-A655EE0F5835}.Debug|Any CPU.Build.0 = Debug|Any CPU
		{CDD2580A-99DB-4F01-B95B-A655EE0F5835}.Release|Any CPU.ActiveCfg = Release|Any CPU
		{CDD2580A-99DB-4F01-B95B-A655EE0F5835}.Release|Any CPU.Build.0 = Release|Any CPU
		{73B15ECB-3B52-4E94-9A0C-2A0BF01A6D07}.Debug|Any CPU.ActiveCfg = Debug|Any CPU
		{73B15ECB-3B52-4E94-9A0C-2A0BF01A6D07}.Debug|Any CPU.Build.0 = Debug|Any CPU
		{73B15ECB-3B52-4E94-9A0C-2A0BF01A6D07}.Release|Any CPU.ActiveCfg = Release|Any CPU
		{73B15ECB-3B52-4E94-9A0C-2A0BF01A6D07}.Release|Any CPU.Build.0 = Release|Any CPU
		{5CF9829A-3A88-4BF5-AB31-6730C2A0A25A}.Debug|Any CPU.ActiveCfg = Debug|Any CPU
		{5CF9829A-3A88-4BF5-AB31-6730C2A0A25A}.Debug|Any CPU.Build.0 = Debug|Any CPU
		{5CF9829A-3A88-4BF5-AB31-6730C2A0A25A}.Release|Any CPU.ActiveCfg = Release|Any CPU
		{5CF9829A-3A88-4BF5-AB31-6730C2A0A25A}.Release|Any CPU.Build.0 = Release|Any CPU
		{2A7B7532-1D5D-49E1-B1E9-109D4EB45D74}.Debug|Any CPU.ActiveCfg = Debug|Any CPU
		{2A7B7532-1D5D-49E1-B1E9-109D4EB45D74}.Debug|Any CPU.Build.0 = Debug|Any CPU
		{2A7B7532-1D5D-49E1-B1E9-109D4EB45D74}.Release|Any CPU.ActiveCfg = Release|Any CPU
		{2A7B7532-1D5D-49E1-B1E9-109D4EB45D74}.Release|Any CPU.Build.0 = Release|Any CPU
		{3CA10572-052E-487E-8F87-97CD8623410F}.Debug|Any CPU.ActiveCfg = Debug|Any CPU
		{3CA10572-052E-487E-8F87-97CD8623410F}.Debug|Any CPU.Build.0 = Debug|Any CPU
		{3CA10572-052E-487E-8F87-97CD8623410F}.Release|Any CPU.ActiveCfg = Release|Any CPU
		{3CA10572-052E-487E-8F87-97CD8623410F}.Release|Any CPU.Build.0 = Release|Any CPU
		{4B542B48-3A4A-4BCE-BBCC-0F8093E0A1AA}.Debug|Any CPU.ActiveCfg = Debug|Any CPU
		{4B542B48-3A4A-4BCE-BBCC-0F8093E0A1AA}.Debug|Any CPU.Build.0 = Debug|Any CPU
		{4B542B48-3A4A-4BCE-BBCC-0F8093E0A1AA}.Release|Any CPU.ActiveCfg = Release|Any CPU
		{4B542B48-3A4A-4BCE-BBCC-0F8093E0A1AA}.Release|Any CPU.Build.0 = Release|Any CPU
		{DAAD1DBE-A1FC-4778-B581-9E7D089E5C22}.Debug|Any CPU.ActiveCfg = Debug|Any CPU
		{DAAD1DBE-A1FC-4778-B581-9E7D089E5C22}.Debug|Any CPU.Build.0 = Debug|Any CPU
		{DAAD1DBE-A1FC-4778-B581-9E7D089E5C22}.Release|Any CPU.ActiveCfg = Release|Any CPU
		{DAAD1DBE-A1FC-4778-B581-9E7D089E5C22}.Release|Any CPU.Build.0 = Release|Any CPU
		{97831BFA-908E-44AA-8326-38AD2C4C7A0A}.Debug|Any CPU.ActiveCfg = Debug|Any CPU
		{97831BFA-908E-44AA-8326-38AD2C4C7A0A}.Debug|Any CPU.Build.0 = Debug|Any CPU
		{97831BFA-908E-44AA-8326-38AD2C4C7A0A}.Release|Any CPU.ActiveCfg = Release|Any CPU
		{97831BFA-908E-44AA-8326-38AD2C4C7A0A}.Release|Any CPU.Build.0 = Release|Any CPU
		{94A5F3B0-D2F8-4358-BD29-036D7AE82519}.Debug|Any CPU.ActiveCfg = Debug|Any CPU
		{94A5F3B0-D2F8-4358-BD29-036D7AE82519}.Debug|Any CPU.Build.0 = Debug|Any CPU
		{94A5F3B0-D2F8-4358-BD29-036D7AE82519}.Release|Any CPU.ActiveCfg = Release|Any CPU
		{94A5F3B0-D2F8-4358-BD29-036D7AE82519}.Release|Any CPU.Build.0 = Release|Any CPU
	EndGlobalSection
	GlobalSection(SolutionProperties) = preSolution
		HideSolutionNode = FALSE
	EndGlobalSection
	GlobalSection(NestedProjects) = preSolution
		{966E7199-0E76-4A10-9608-9EC0437313EE} = {99A3A3BE-E65E-4B6B-9ACF-738A91DB9C49}
		{BF305074-78FE-4AE3-B5EB-A5BF526A54FB} = {99A3A3BE-E65E-4B6B-9ACF-738A91DB9C49}
		{CDD2580A-99DB-4F01-B95B-A655EE0F5835} = {99A3A3BE-E65E-4B6B-9ACF-738A91DB9C49}
		{4B542B48-3A4A-4BCE-BBCC-0F8093E0A1AA} = {DC25D476-5651-47F9-931E-F76E608E8B5F}
		{DAAD1DBE-A1FC-4778-B581-9E7D089E5C22} = {DC25D476-5651-47F9-931E-F76E608E8B5F}
		{94A5F3B0-D2F8-4358-BD29-036D7AE82519} = {99A3A3BE-E65E-4B6B-9ACF-738A91DB9C49}
	EndGlobalSection
	GlobalSection(ExtensibilityGlobals) = postSolution
		SolutionGuid = {E9A67AE6-2C21-464D-95B1-3D51844ABAAA}
	EndGlobalSection
EndGlobal
