
Microsoft Visual Studio Solution File, Format Version 12.00
# Visual Studio Version 16
VisualStudioVersion = 16.0.31105.61
MinimumVisualStudioVersion = 10.0.40219.1
Project("{9A19103F-16F7-4668-BE54-9A1E7A4F7556}") = "RPGDataEditor.Wpf", "RPGDataEditor.Wpf\RPGDataEditor.Wpf.csproj", "{664AE964-7E25-43CC-BCA2-2F8BDD999FE7}"
EndProject
Project("{9A19103F-16F7-4668-BE54-9A1E7A4F7556}") = "RPGDataEditor.Core", "RPGDataEditor.Core\RPGDataEditor.Core.csproj", "{7D7DEB66-A8EF-40F1-BE04-80C3BD8C3454}"
EndProject
Global
	GlobalSection(SolutionConfigurationPlatforms) = preSolution
		Debug|Any CPU = Debug|Any CPU
		Release|Any CPU = Release|Any CPU
	EndGlobalSection
	GlobalSection(ProjectConfigurationPlatforms) = postSolution
		{664AE964-7E25-43CC-BCA2-2F8BDD999FE7}.Debug|Any CPU.ActiveCfg = Debug|Any CPU
		{664AE964-7E25-43CC-BCA2-2F8BDD999FE7}.Debug|Any CPU.Build.0 = Debug|Any CPU
		{664AE964-7E25-43CC-BCA2-2F8BDD999FE7}.Release|Any CPU.ActiveCfg = Release|Any CPU
		{664AE964-7E25-43CC-BCA2-2F8BDD999FE7}.Release|Any CPU.Build.0 = Release|Any CPU
		{7D7DEB66-A8EF-40F1-BE04-80C3BD8C3454}.Debug|Any CPU.ActiveCfg = Debug|Any CPU
		{7D7DEB66-A8EF-40F1-BE04-80C3BD8C3454}.Debug|Any CPU.Build.0 = Debug|Any CPU
		{7D7DEB66-A8EF-40F1-BE04-80C3BD8C3454}.Release|Any CPU.ActiveCfg = Release|Any CPU
		{7D7DEB66-A8EF-40F1-BE04-80C3BD8C3454}.Release|Any CPU.Build.0 = Release|Any CPU
	EndGlobalSection
	GlobalSection(SolutionProperties) = preSolution
		HideSolutionNode = FALSE
	EndGlobalSection
	GlobalSection(ExtensibilityGlobals) = postSolution
		SolutionGuid = {E9A67AE6-2C21-464D-95B1-3D51844ABAAA}
	EndGlobalSection
EndGlobal
